# This file is autogenerated, do not edit; changes may be undone by the next 'dep ensure'.


[[projects]]
  branch = "master"
  digest = "1:318f1c959a8a740366fce4b1e1eb2fd914036b4af58fbd0a003349b305f118ad"
  name = "github.com/golang/protobuf"
  packages = ["proto"]
  pruneopts = "UT"
  revision = "347cf4a86c1cb8d262994d8ef5924d4576c5b331"

[[projects]]
  digest = "1:0356f3312c9bd1cbeda81505b7fd437501d8e778ab66998ef69f00d7f9b3a0d7"
  name = "github.com/mattn/go-runewidth"
  packages = ["."]
  pruneopts = "UT"
  revision = "3ee7d812e62a0804a7d0a324e0249ca2db3476d3"
  version = "v0.0.4"

[[projects]]
  branch = "master"
  digest = "1:f3fc7efada7606d5abc88372e1f838ed897fa522077957070fbc2207a50d6faa"
  name = "github.com/nsf/termbox-go"
  packages = ["."]
  pruneopts = "UT"
  revision = "0938b5187e61bb8c4dcac2b0a9cf4047d83784fc"

[solve-meta]
  analyzer-name = "dep"
  analyzer-version = 1
  input-imports = [
    "github.com/golang/protobuf/proto",
    "github.com/nsf/termbox-go",
  ]
  solver-name = "gps-cdcl"
  solver-version = 1
